// !$*UTF8*$!
{
	archiveVersion = 1;
	classes = {
	};
	objectVersion = 55;
	objects = {

/* Begin PBXBuildFile section */
		9E0D526428C1837A005B4EE5 /* AppDelegate.swift in Sources */ = {isa = PBXBuildFile; fileRef = 9E0D526328C1837A005B4EE5 /* AppDelegate.swift */; };
		9E0D526628C1837A005B4EE5 /* SceneDelegate.swift in Sources */ = {isa = PBXBuildFile; fileRef = 9E0D526528C1837A005B4EE5 /* SceneDelegate.swift */; };
		9E0D526828C1837A005B4EE5 /* ViewController.swift in Sources */ = {isa = PBXBuildFile; fileRef = 9E0D526728C1837A005B4EE5 /* ViewController.swift */; };
		9E0D526B28C1837A005B4EE5 /* Main.storyboard in Resources */ = {isa = PBXBuildFile; fileRef = 9E0D526928C1837A005B4EE5 /* Main.storyboard */; };
		9E0D526D28C1837E005B4EE5 /* Assets.xcassets in Resources */ = {isa = PBXBuildFile; fileRef = 9E0D526C28C1837E005B4EE5 /* Assets.xcassets */; };
		9E0D527028C1837E005B4EE5 /* LaunchScreen.storyboard in Resources */ = {isa = PBXBuildFile; fileRef = 9E0D526E28C1837E005B4EE5 /* LaunchScreen.storyboard */; };
		9E0D528628C18412005B4EE5 /* desi2.jpg in Resources */ = {isa = PBXBuildFile; fileRef = 9E0D527828C18412005B4EE5 /* desi2.jpg */; };
		9E0D528728C18412005B4EE5 /* desi3.jpg in Resources */ = {isa = PBXBuildFile; fileRef = 9E0D527928C18412005B4EE5 /* desi3.jpg */; };
		9E0D528828C18412005B4EE5 /* desi1.jpg in Resources */ = {isa = PBXBuildFile; fileRef = 9E0D527A28C18412005B4EE5 /* desi1.jpg */; };
		9E0D528928C18412005B4EE5 /* desi4.jpg in Resources */ = {isa = PBXBuildFile; fileRef = 9E0D527B28C18412005B4EE5 /* desi4.jpg */; };
		9E0D528A28C18412005B4EE5 /* desi5.jpg in Resources */ = {isa = PBXBuildFile; fileRef = 9E0D527C28C18412005B4EE5 /* desi5.jpg */; };
		9E0D528B28C18412005B4EE5 /* desi7.jpg in Resources */ = {isa = PBXBuildFile; fileRef = 9E0D527D28C18412005B4EE5 /* desi7.jpg */; };
		9E0D528C28C18412005B4EE5 /* desi6.jpg in Resources */ = {isa = PBXBuildFile; fileRef = 9E0D527E28C18412005B4EE5 /* desi6.jpg */; };
		9E0D528D28C18412005B4EE5 /* desi.jpg in Resources */ = {isa = PBXBuildFile; fileRef = 9E0D527F28C18412005B4EE5 /* desi.jpg */; };
		9E0D528E28C18412005B4EE5 /* desi8.jpg in Resources */ = {isa = PBXBuildFile; fileRef = 9E0D528028C18412005B4EE5 /* desi8.jpg */; };
		9E0D528F28C18412005B4EE5 /* desi9.jpg in Resources */ = {isa = PBXBuildFile; fileRef = 9E0D528128C18412005B4EE5 /* desi9.jpg */; };
		9E0D529028C18412005B4EE5 /* desi11.jpg in Resources */ = {isa = PBXBuildFile; fileRef = 9E0D528228C18412005B4EE5 /* desi11.jpg */; };
		9E0D529128C18412005B4EE5 /* desi10.jpg in Resources */ = {isa = PBXBuildFile; fileRef = 9E0D528328C18412005B4EE5 /* desi10.jpg */; };
		9E0D529228C18412005B4EE5 /* desi12.jpg in Resources */ = {isa = PBXBuildFile; fileRef = 9E0D528428C18412005B4EE5 /* desi12.jpg */; };
		9E0D529328C18412005B4EE5 /* desi13.jpg in Resources */ = {isa = PBXBuildFile; fileRef = 9E0D528528C18412005B4EE5 /* desi13.jpg */; };
		9E0D529528C18B98005B4EE5 /* DetailViewController.swift in Sources */ = {isa = PBXBuildFile; fileRef = 9E0D529428C18B98005B4EE5 /* DetailViewController.swift */; };
/* End PBXBuildFile section */

/* Begin PBXFileReference section */
		9E0D526028C18379005B4EE5 /* Project1.app */ = {isa = PBXFileReference; explicitFileType = wrapper.application; includeInIndex = 0; path = Project1.app; sourceTree = BUILT_PRODUCTS_DIR; };
		9E0D526328C1837A005B4EE5 /* AppDelegate.swift */ = {isa = PBXFileReference; lastKnownFileType = sourcecode.swift; path = AppDelegate.swift; sourceTree = "<group>"; };
		9E0D526528C1837A005B4EE5 /* SceneDelegate.swift */ = {isa = PBXFileReference; lastKnownFileType = sourcecode.swift; path = SceneDelegate.swift; sourceTree = "<group>"; };
		9E0D526728C1837A005B4EE5 /* ViewController.swift */ = {isa = PBXFileReference; lastKnownFileType = sourcecode.swift; path = ViewController.swift; sourceTree = "<group>"; };
		9E0D526A28C1837A005B4EE5 /* Base */ = {isa = PBXFileReference; lastKnownFileType = file.storyboard; name = Base; path = Base.lproj/Main.storyboard; sourceTree = "<group>"; };
		9E0D526C28C1837E005B4EE5 /* Assets.xcassets */ = {isa = PBXFileReference; lastKnownFileType = folder.assetcatalog; path = Assets.xcassets; sourceTree = "<group>"; };
		9E0D526F28C1837E005B4EE5 /* Base */ = {isa = PBXFileReference; lastKnownFileType = file.storyboard; name = Base; path = Base.lproj/LaunchScreen.storyboard; sourceTree = "<group>"; };
		9E0D527128C1837E005B4EE5 /* Info.plist */ = {isa = PBXFileReference; lastKnownFileType = text.plist.xml; path = Info.plist; sourceTree = "<group>"; };
		9E0D527828C18412005B4EE5 /* desi2.jpg */ = {isa = PBXFileReference; lastKnownFileType = image.jpeg; path = desi2.jpg; sourceTree = "<group>"; };
		9E0D527928C18412005B4EE5 /* desi3.jpg */ = {isa = PBXFileReference; lastKnownFileType = image.jpeg; path = desi3.jpg; sourceTree = "<group>"; };
		9E0D527A28C18412005B4EE5 /* desi1.jpg */ = {isa = PBXFileReference; lastKnownFileType = image.jpeg; path = desi1.jpg; sourceTree = "<group>"; };
		9E0D527B28C18412005B4EE5 /* desi4.jpg */ = {isa = PBXFileReference; lastKnownFileType = image.jpeg; path = desi4.jpg; sourceTree = "<group>"; };
		9E0D527C28C18412005B4EE5 /* desi5.jpg */ = {isa = PBXFileReference; lastKnownFileType = image.jpeg; path = desi5.jpg; sourceTree = "<group>"; };
		9E0D527D28C18412005B4EE5 /* desi7.jpg */ = {isa = PBXFileReference; lastKnownFileType = image.jpeg; path = desi7.jpg; sourceTree = "<group>"; };
		9E0D527E28C18412005B4EE5 /* desi6.jpg */ = {isa = PBXFileReference; lastKnownFileType = image.jpeg; path = desi6.jpg; sourceTree = "<group>"; };
		9E0D527F28C18412005B4EE5 /* desi.jpg */ = {isa = PBXFileReference; lastKnownFileType = image.jpeg; path = desi.jpg; sourceTree = "<group>"; };
		9E0D528028C18412005B4EE5 /* desi8.jpg */ = {isa = PBXFileReference; lastKnownFileType = image.jpeg; path = desi8.jpg; sourceTree = "<group>"; };
		9E0D528128C18412005B4EE5 /* desi9.jpg */ = {isa = PBXFileReference; lastKnownFileType = image.jpeg; path = desi9.jpg; sourceTree = "<group>"; };
		9E0D528228C18412005B4EE5 /* desi11.jpg */ = {isa = PBXFileReference; lastKnownFileType = image.jpeg; path = desi11.jpg; sourceTree = "<group>"; };
		9E0D528328C18412005B4EE5 /* desi10.jpg */ = {isa = PBXFileReference; lastKnownFileType = image.jpeg; path = desi10.jpg; sourceTree = "<group>"; };
		9E0D528428C18412005B4EE5 /* desi12.jpg */ = {isa = PBXFileReference; lastKnownFileType = image.jpeg; path = desi12.jpg; sourceTree = "<group>"; };
		9E0D528528C18412005B4EE5 /* desi13.jpg */ = {isa = PBXFileReference; lastKnownFileType = image.jpeg; path = desi13.jpg; sourceTree = "<group>"; };
		9E0D529428C18B98005B4EE5 /* DetailViewController.swift */ = {isa = PBXFileReference; lastKnownFileType = sourcecode.swift; path = DetailViewController.swift; sourceTree = "<group>"; };
/* End PBXFileReference section */

/* Begin PBXFrameworksBuildPhase section */
		9E0D525D28C18379005B4EE5 /* Frameworks */ = {
			isa = PBXFrameworksBuildPhase;
			buildActionMask = 2147483647;
			files = (
			);
			runOnlyForDeploymentPostprocessing = 0;
		};
/* End PBXFrameworksBuildPhase section */

/* Begin PBXGroup section */
		9E0D525728C18379005B4EE5 = {
			isa = PBXGroup;
			children = (
				9E0D526228C1837A005B4EE5 /* Project1 */,
				9E0D526128C18379005B4EE5 /* Products */,
			);
			sourceTree = "<group>";
		};
		9E0D526128C18379005B4EE5 /* Products */ = {
			isa = PBXGroup;
			children = (
				9E0D526028C18379005B4EE5 /* Project1.app */,
			);
			name = Products;
			sourceTree = "<group>";
		};
		9E0D526228C1837A005B4EE5 /* Project1 */ = {
			isa = PBXGroup;
			children = (
				9E0D526328C1837A005B4EE5 /* AppDelegate.swift */,
				9E0D526528C1837A005B4EE5 /* SceneDelegate.swift */,
				9E0D526728C1837A005B4EE5 /* ViewController.swift */,
				9E0D529428C18B98005B4EE5 /* DetailViewController.swift */,
				9E0D526928C1837A005B4EE5 /* Main.storyboard */,
				9E0D526C28C1837E005B4EE5 /* Assets.xcassets */,
				9E0D526E28C1837E005B4EE5 /* LaunchScreen.storyboard */,
				9E0D527128C1837E005B4EE5 /* Info.plist */,
				9E0D527728C18411005B4EE5 /* desi */,
			);
			path = Project1;
			sourceTree = "<group>";
		};
		9E0D527728C18411005B4EE5 /* desi */ = {
			isa = PBXGroup;
			children = (
				9E0D527828C18412005B4EE5 /* desi2.jpg */,
				9E0D527928C18412005B4EE5 /* desi3.jpg */,
				9E0D527A28C18412005B4EE5 /* desi1.jpg */,
				9E0D527B28C18412005B4EE5 /* desi4.jpg */,
				9E0D527C28C18412005B4EE5 /* desi5.jpg */,
				9E0D527D28C18412005B4EE5 /* desi7.jpg */,
				9E0D527E28C18412005B4EE5 /* desi6.jpg */,
				9E0D527F28C18412005B4EE5 /* desi.jpg */,
				9E0D528028C18412005B4EE5 /* desi8.jpg */,
				9E0D528128C18412005B4EE5 /* desi9.jpg */,
				9E0D528228C18412005B4EE5 /* desi11.jpg */,
				9E0D528328C18412005B4EE5 /* desi10.jpg */,
				9E0D528428C18412005B4EE5 /* desi12.jpg */,
				9E0D528528C18412005B4EE5 /* desi13.jpg */,
			);
			path = desi;
			sourceTree = "<group>";
		};
/* End PBXGroup section */

/* Begin PBXNativeTarget section */
		9E0D525F28C18379005B4EE5 /* Project1 */ = {
			isa = PBXNativeTarget;
			buildConfigurationList = 9E0D527428C1837E005B4EE5 /* Build configuration list for PBXNativeTarget "Project1" */;
			buildPhases = (
				9E0D525C28C18379005B4EE5 /* Sources */,
				9E0D525D28C18379005B4EE5 /* Frameworks */,
				9E0D525E28C18379005B4EE5 /* Resources */,
			);
			buildRules = (
			);
			dependencies = (
			);
			name = Project1;
			productName = Project1;
			productReference = 9E0D526028C18379005B4EE5 /* Project1.app */;
			productType = "com.apple.product-type.application";
		};
/* End PBXNativeTarget section */

/* Begin PBXProject section */
		9E0D525828C18379005B4EE5 /* Project object */ = {
			isa = PBXProject;
			attributes = {
				BuildIndependentTargetsInParallel = 1;
				LastSwiftUpdateCheck = 1340;
				LastUpgradeCheck = 1340;
				TargetAttributes = {
					9E0D525F28C18379005B4EE5 = {
						CreatedOnToolsVersion = 13.4.1;
					};
				};
			};
			buildConfigurationList = 9E0D525B28C18379005B4EE5 /* Build configuration list for PBXProject "Project1" */;
			compatibilityVersion = "Xcode 13.0";
			developmentRegion = en;
			hasScannedForEncodings = 0;
			knownRegions = (
				en,
				Base,
			);
			mainGroup = 9E0D525728C18379005B4EE5;
			productRefGroup = 9E0D526128C18379005B4EE5 /* Products */;
			projectDirPath = "";
			projectRoot = "";
			targets = (
				9E0D525F28C18379005B4EE5 /* Project1 */,
			);
		};
/* End PBXProject section */

/* Begin PBXResourcesBuildPhase section */
		9E0D525E28C18379005B4EE5 /* Resources */ = {
			isa = PBXResourcesBuildPhase;
			buildActionMask = 2147483647;
			files = (
				9E0D528728C18412005B4EE5 /* desi3.jpg in Resources */,
				9E0D529228C18412005B4EE5 /* desi12.jpg in Resources */,
				9E0D528E28C18412005B4EE5 /* desi8.jpg in Resources */,
				9E0D529128C18412005B4EE5 /* desi10.jpg in Resources */,
				9E0D527028C1837E005B4EE5 /* LaunchScreen.storyboard in Resources */,
				9E0D528A28C18412005B4EE5 /* desi5.jpg in Resources */,
				9E0D528D28C18412005B4EE5 /* desi.jpg in Resources */,
				9E0D526D28C1837E005B4EE5 /* Assets.xcassets in Resources */,
				9E0D529028C18412005B4EE5 /* desi11.jpg in Resources */,
				9E0D529328C18412005B4EE5 /* desi13.jpg in Resources */,
				9E0D526B28C1837A005B4EE5 /* Main.storyboard in Resources */,
				9E0D528928C18412005B4EE5 /* desi4.jpg in Resources */,
				9E0D528F28C18412005B4EE5 /* desi9.jpg in Resources */,
				9E0D528828C18412005B4EE5 /* desi1.jpg in Resources */,
				9E0D528B28C18412005B4EE5 /* desi7.jpg in Resources */,
				9E0D528628C18412005B4EE5 /* desi2.jpg in Resources */,
				9E0D528C28C18412005B4EE5 /* desi6.jpg in Resources */,
			);
			runOnlyForDeploymentPostprocessing = 0;
		};
/* End PBXResourcesBuildPhase section */

/* Begin PBXSourcesBuildPhase section */
		9E0D525C28C18379005B4EE5 /* Sources */ = {
			isa = PBXSourcesBuildPhase;
			buildActionMask = 2147483647;
			files = (
				9E0D526828C1837A005B4EE5 /* ViewController.swift in Sources */,
				9E0D526428C1837A005B4EE5 /* AppDelegate.swift in Sources */,
				9E0D526628C1837A005B4EE5 /* SceneDelegate.swift in Sources */,
				9E0D529528C18B98005B4EE5 /* DetailViewController.swift in Sources */,
			);
			runOnlyForDeploymentPostprocessing = 0;
		};
/* End PBXSourcesBuildPhase section */

/* Begin PBXVariantGroup section */
		9E0D526928C1837A005B4EE5 /* Main.storyboard */ = {
			isa = PBXVariantGroup;
			children = (
				9E0D526A28C1837A005B4EE5 /* Base */,
			);
			name = Main.storyboard;
			sourceTree = "<group>";
		};
		9E0D526E28C1837E005B4EE5 /* LaunchScreen.storyboard */ = {
			isa = PBXVariantGroup;
			children = (
				9E0D526F28C1837E005B4EE5 /* Base */,
			);
			name = LaunchScreen.storyboard;
			sourceTree = "<group>";
		};
/* End PBXVariantGroup section */

/* Begin XCBuildConfiguration section */
		9E0D527228C1837E005B4EE5 /* Debug */ = {
			isa = XCBuildConfiguration;
			buildSettings = {
				ALWAYS_SEARCH_USER_PATHS = NO;
				CLANG_ANALYZER_NONNULL = YES;
				CLANG_ANALYZER_NUMBER_OBJECT_CONVERSION = YES_AGGRESSIVE;
				CLANG_CXX_LANGUAGE_STANDARD = "gnu++17";
				CLANG_ENABLE_MODULES = YES;
				CLANG_ENABLE_OBJC_ARC = YES;
				CLANG_ENABLE_OBJC_WEAK = YES;
				CLANG_WARN_BLOCK_CAPTURE_AUTORELEASING = YES;
				CLANG_WARN_BOOL_CONVERSION = YES;
				CLANG_WARN_COMMA = YES;
				CLANG_WARN_CONSTANT_CONVERSION = YES;
				CLANG_WARN_DEPRECATED_OBJC_IMPLEMENTATIONS = YES;
				CLANG_WARN_DIRECT_OBJC_ISA_USAGE = YES_ERROR;
				CLANG_WARN_DOCUMENTATION_COMMENTS = YES;
				CLANG_WARN_EMPTY_BODY = YES;
				CLANG_WARN_ENUM_CONVERSION = YES;
				CLANG_WARN_INFINITE_RECURSION = YES;
				CLANG_WARN_INT_CONVERSION = YES;
				CLANG_WARN_NON_LITERAL_NULL_CONVERSION = YES;
				CLANG_WARN_OBJC_IMPLICIT_RETAIN_SELF = YES;
				CLANG_WARN_OBJC_LITERAL_CONVERSION = YES;
				CLANG_WARN_OBJC_ROOT_CLASS = YES_ERROR;
				CLANG_WARN_QUOTED_INCLUDE_IN_FRAMEWORK_HEADER = YES;
				CLANG_WARN_RANGE_LOOP_ANALYSIS = YES;
				CLANG_WARN_STRICT_PROTOTYPES = YES;
				CLANG_WARN_SUSPICIOUS_MOVE = YES;
				CLANG_WARN_UNGUARDED_AVAILABILITY = YES_AGGRESSIVE;
				CLANG_WARN_UNREACHABLE_CODE = YES;
				CLANG_WARN__DUPLICATE_METHOD_MATCH = YES;
				COPY_PHASE_STRIP = NO;
				DEBUG_INFORMATION_FORMAT = dwarf;
				ENABLE_STRICT_OBJC_MSGSEND = YES;
				ENABLE_TESTABILITY = YES;
				GCC_C_LANGUAGE_STANDARD = gnu11;
				GCC_DYNAMIC_NO_PIC = NO;
				GCC_NO_COMMON_BLOCKS = YES;
				GCC_OPTIMIZATION_LEVEL = 0;
				GCC_PREPROCESSOR_DEFINITIONS = (
					"DEBUG=1",
					"$(inherited)",
				);
				GCC_WARN_64_TO_32_BIT_CONVERSION = YES;
				GCC_WARN_ABOUT_RETURN_TYPE = YES_ERROR;
				GCC_WARN_UNDECLARED_SELECTOR = YES;
				GCC_WARN_UNINITIALIZED_AUTOS = YES_AGGRESSIVE;
				GCC_WARN_UNUSED_FUNCTION = YES;
				GCC_WARN_UNUSED_VARIABLE = YES;
				IPHONEOS_DEPLOYMENT_TARGET = 15.5;
				MTL_ENABLE_DEBUG_INFO = INCLUDE_SOURCE;
				MTL_FAST_MATH = YES;
				ONLY_ACTIVE_ARCH = YES;
				SDKROOT = iphoneos;
				SWIFT_ACTIVE_COMPILATION_CONDITIONS = DEBUG;
				SWIFT_OPTIMIZATION_LEVEL = "-Onone";
			};
			name = Debug;
		};
		9E0D527328C1837E005B4EE5 /* Release */ = {
			isa = XCBuildConfiguration;
			buildSettings = {
				ALWAYS_SEARCH_USER_PATHS = NO;
				CLANG_ANALYZER_NONNULL = YES;
				CLANG_ANALYZER_NUMBER_OBJECT_CONVERSION = YES_AGGRESSIVE;
				CLANG_CXX_LANGUAGE_STANDARD = "gnu++17";
				CLANG_ENABLE_MODULES = YES;
				CLANG_ENABLE_OBJC_ARC = YES;
				CLANG_ENABLE_OBJC_WEAK = YES;
				CLANG_WARN_BLOCK_CAPTURE_AUTORELEASING = YES;
				CLANG_WARN_BOOL_CONVERSION = YES;
				CLANG_WARN_COMMA = YES;
				CLANG_WARN_CONSTANT_CONVERSION = YES;
				CLANG_WARN_DEPRECATED_OBJC_IMPLEMENTATIONS = YES;
				CLANG_WARN_DIRECT_OBJC_ISA_USAGE = YES_ERROR;
				CLANG_WARN_DOCUMENTATION_COMMENTS = YES;
				CLANG_WARN_EMPTY_BODY = YES;
				CLANG_WARN_ENUM_CONVERSION = YES;
				CLANG_WARN_INFINITE_RECURSION = YES;
				CLANG_WARN_INT_CONVERSION = YES;
				CLANG_WARN_NON_LITERAL_NULL_CONVERSION = YES;
				CLANG_WARN_OBJC_IMPLICIT_RETAIN_SELF = YES;
				CLANG_WARN_OBJC_LITERAL_CONVERSION = YES;
				CLANG_WARN_OBJC_ROOT_CLASS = YES_ERROR;
				CLANG_WARN_QUOTED_INCLUDE_IN_FRAMEWORK_HEADER = YES;
				CLANG_WARN_RANGE_LOOP_ANALYSIS = YES;
				CLANG_WARN_STRICT_PROTOTYPES = YES;
				CLANG_WARN_SUSPICIOUS_MOVE = YES;
				CLANG_WARN_UNGUARDED_AVAILABILITY = YES_AGGRESSIVE;
				CLANG_WARN_UNREACHABLE_CODE = YES;
				CLANG_WARN__DUPLICATE_METHOD_MATCH = YES;
				COPY_PHASE_STRIP = NO;
				DEBUG_INFORMATION_FORMAT = "dwarf-with-dsym";
				ENABLE_NS_ASSERTIONS = NO;
				ENABLE_STRICT_OBJC_MSGSEND = YES;
				GCC_C_LANGUAGE_STANDARD = gnu11;
				GCC_NO_COMMON_BLOCKS = YES;
				GCC_WARN_64_TO_32_BIT_CONVERSION = YES;
				GCC_WARN_ABOUT_RETURN_TYPE = YES_ERROR;
				GCC_WARN_UNDECLARED_SELECTOR = YES;
				GCC_WARN_UNINITIALIZED_AUTOS = YES_AGGRESSIVE;
				GCC_WARN_UNUSED_FUNCTION = YES;
				GCC_WARN_UNUSED_VARIABLE = YES;
				IPHONEOS_DEPLOYMENT_TARGET = 15.5;
				MTL_ENABLE_DEBUG_INFO = NO;
				MTL_FAST_MATH = YES;
				SDKROOT = iphoneos;
				SWIFT_COMPILATION_MODE = wholemodule;
				SWIFT_OPTIMIZATION_LEVEL = "-O";
				VALIDATE_PRODUCT = YES;
			};
			name = Release;
		};
		9E0D527528C1837E005B4EE5 /* Debug */ = {
			isa = XCBuildConfiguration;
			buildSettings = {
				ASSETCATALOG_COMPILER_APPICON_NAME = AppIcon;
				ASSETCATALOG_COMPILER_GLOBAL_ACCENT_COLOR_NAME = AccentColor;
				CODE_SIGN_STYLE = Automatic;
				CURRENT_PROJECT_VERSION = 1;
				DEVELOPMENT_TEAM = C8DAHY3733;
				GENERATE_INFOPLIST_FILE = YES;
				INFOPLIST_FILE = Project1/Info.plist;
				INFOPLIST_KEY_UIApplicationSupportsIndirectInputEvents = YES;
				INFOPLIST_KEY_UILaunchStoryboardName = LaunchScreen;
				INFOPLIST_KEY_UIMainStoryboardFile = Main;
				INFOPLIST_KEY_UISupportedInterfaceOrientations_iPad = "UIInterfaceOrientationPortrait UIInterfaceOrientationPortraitUpsideDown UIInterfaceOrientationLandscapeLeft UIInterfaceOrientationLandscapeRight";
				INFOPLIST_KEY_UISupportedInterfaceOrientations_iPhone = "UIInterfaceOrientationPortrait UIInterfaceOrientationLandscapeLeft UIInterfaceOrientationLandscapeRight";
				LD_RUNPATH_SEARCH_PATHS = (
					"$(inherited)",
					"@executable_path/Frameworks",
				);
				MARKETING_VERSION = 1.0;
				PRODUCT_BUNDLE_IDENTIFIER = Waldifebrianda.Project1;
				PRODUCT_NAME = "$(TARGET_NAME)";
				SWIFT_EMIT_LOC_STRINGS = YES;
				SWIFT_VERSION = 5.0;
				TARGETED_DEVICE_FAMILY = "1,2";
			};
			name = Debug;
		};
		9E0D527628C1837E005B4EE5 /* Release */ = {
			isa = XCBuildConfiguration;
			buildSettings = {
				ASSETCATALOG_COMPILER_APPICON_NAME = AppIcon;
				ASSETCATALOG_COMPILER_GLOBAL_ACCENT_COLOR_NAME = AccentColor;
				CODE_SIGN_STYLE = Automatic;
				CURRENT_PROJECT_VERSION = 1;
				DEVELOPMENT_TEAM = C8DAHY3733;
				GENERATE_INFOPLIST_FILE = YES;
				INFOPLIST_FILE = Project1/Info.plist;
				INFOPLIST_KEY_UIApplicationSupportsIndirectInputEvents = YES;
				INFOPLIST_KEY_UILaunchStoryboardName = LaunchScreen;
				INFOPLIST_KEY_UIMainStoryboardFile = Main;
				INFOPLIST_KEY_UISupportedInterfaceOrientations_iPad = "UIInterfaceOrientationPortrait UIInterfaceOrientationPortraitUpsideDown UIInterfaceOrientationLandscapeLeft UIInterfaceOrientationLandscapeRight";
				INFOPLIST_KEY_UISupportedInterfaceOrientations_iPhone = "UIInterfaceOrientationPortrait UIInterfaceOrientationLandscapeLeft UIInterfaceOrientationLandscapeRight";
				LD_RUNPATH_SEARCH_PATHS = (
					"$(inherited)",
					"@executable_path/Frameworks",
				);
				MARKETING_VERSION = 1.0;
				PRODUCT_BUNDLE_IDENTIFIER = Waldifebrianda.Project1;
				PRODUCT_NAME = "$(TARGET_NAME)";
				SWIFT_EMIT_LOC_STRINGS = YES;
				SWIFT_VERSION = 5.0;
				TARGETED_DEVICE_FAMILY = "1,2";
			};
			name = Release;
		};
/* End XCBuildConfiguration section */

/* Begin XCConfigurationList section */
		9E0D525B28C18379005B4EE5 /* Build configuration list for PBXProject "Project1" */ = {
			isa = XCConfigurationList;
			buildConfigurations = (
				9E0D527228C1837E005B4EE5 /* Debug */,
				9E0D527328C1837E005B4EE5 /* Release */,
			);
			defaultConfigurationIsVisible = 0;
			defaultConfigurationName = Release;
		};
		9E0D527428C1837E005B4EE5 /* Build configuration list for PBXNativeTarget "Project1" */ = {
			isa = XCConfigurationList;
			buildConfigurations = (
				9E0D527528C1837E005B4EE5 /* Debug */,
				9E0D527628C1837E005B4EE5 /* Release */,
			);
			defaultConfigurationIsVisible = 0;
			defaultConfigurationName = Release;
		};
/* End XCConfigurationList section */
	};
	rootObject = 9E0D525828C18379005B4EE5 /* Project object */;
}
